
Microsoft Visual Studio Solution File, Format Version 12.00
# Visual Studio Version 17
VisualStudioVersion = 17.3.32922.545
MinimumVisualStudioVersion = 10.0.40219.1
Project("{FAE04EC0-301F-11D3-BF4B-00C04F79EFBC}") = "MyFirstApp", "MyFirstApp\MyFirstApp.csproj", "{F2A452BA-83EB-4CB8-9C70-84A3824B309B}"
EndProject
Global
	GlobalSection(SolutionConfigurationPlatforms) = preSolution
		Debug|Any CPU = Debug|Any CPU
		Release|Any CPU = Release|Any CPU
	EndGlobalSection
	GlobalSection(ProjectConfigurationPlatforms) = postSolution
		{F2A452BA-83EB-4CB8-9C70-84A3824B309B}.Debug|Any CPU.ActiveCfg = Debug|Any CPU
		{F2A452BA-83EB-4CB8-9C70-84A3824B309B}.Debug|Any CPU.Build.0 = Debug|Any CPU
		{F2A452BA-83EB-4CB8-9C70-84A3824B309B}.Release|Any CPU.ActiveCfg = Release|Any CPU
		{F2A452BA-83EB-4CB8-9C70-84A3824B309B}.Release|Any CPU.Build.0 = Release|Any CPU
	EndGlobalSection
	GlobalSection(SolutionProperties) = preSolution
		HideSolutionNode = FALSE
	EndGlobalSection
	GlobalSection(ExtensibilityGlobals) = postSolution
		SolutionGuid = {8485CD44-FBE5-427A-A7AE-335FC31E85CB}
	EndGlobalSection
EndGlobal
